{
  "name": "iaf-users",
  "version": "0.1.0",
  "lockfileVersion": 1,
  "requires": true,
  "dependencies": {
    "@most/multicast": {
      "version": "1.3.0",
      "resolved": "https://registry.npmjs.org/@most/multicast/-/multicast-1.3.0.tgz",
      "integrity": "sha512-DWH8AShgp5bXn+auGzf5tzPxvpmEvQJd0CNsApOci1LDF4eAEcnw4HQOr2Jaa+L92NbDYFKBSXxll+i7r1ikvw==",
      "requires": {
        "@most/prelude": "1.7.0"
      }
    },
    "@most/prelude": {
      "version": "1.7.0",
      "resolved": "https://registry.npmjs.org/@most/prelude/-/prelude-1.7.0.tgz",
      "integrity": "sha512-OlDCH0+u2/ro/AHeAg63zvbvCsQC930hSKC9Kc1qSev1JkWK8Yk0HDHJ4o62HSjPwWGXEUZG1WhQKQh4ypreGA=="
    },
    "most": {
      "version": "1.7.3",
      "resolved": "https://registry.npmjs.org/most/-/most-1.7.3.tgz",
      "integrity": "sha512-mk68SM/ptK8WSo3l03raXcWy02Hl7jbzxVozMuvyYxohn4yteh2THhl3+XABF5cunWE8eXHAsLbv+RCJI5y+jg==",
      "requires": {
        "@most/multicast": "1.3.0",
        "@most/prelude": "1.7.0",
        "symbol-observable": "1.2.0"
      }
    },
    "ramda": {
      "version": "0.25.0",
      "resolved": "https://registry.npmjs.org/ramda/-/ramda-0.25.0.tgz",
      "integrity": "sha512-GXpfrYVPwx3K7RQ6aYT8KPS8XViSXUVJT1ONhoKPE9VAleW42YE+U+8VEyGWt41EnEQW7gwecYJriTI0pKoecQ=="
    },
    "symbol-observable": {
      "version": "1.2.0",
      "resolved": "https://registry.npmjs.org/symbol-observable/-/symbol-observable-1.2.0.tgz",
      "integrity": "sha512-e900nM8RRtGhlV36KGEU9k65K3mPb1WV70OdjfxlG2EAuM1noi/E/BaW/uMhL7bPEssK8QV57vN3esixjUvcXQ=="
    },
    "uuid": {
      "version": "3.2.1",
      "resolved": "https://registry.npmjs.org/uuid/-/uuid-3.2.1.tgz",
      "integrity": "sha512-jZnMwlb9Iku/O3smGWvZhauCf6cvvpKi4BKRiliS3cxnI+Gz9j5MEpTz2UFuXiKPJocb7gnsLHwiS05ige5BEA=="
    }
  }
}
